
Microsoft Visual Studio Solution File, Format Version 12.00
# Visual Studio Version 17
VisualStudioVersion = 17.8.34525.116
MinimumVisualStudioVersion = 10.0.40219.1
Project("{FAE04EC0-301F-11D3-BF4B-00C04F79EFBC}") = "OnlineBookingApp", "OnlineBookingApp\OnlineBookingApp.csproj", "{8FDCDE77-71F0-4C87-850F-5C13B29C9BFD}"
EndProject
Global
	GlobalSection(SolutionConfigurationPlatforms) = preSolution
		Debug|Any CPU = Debug|Any CPU
		Release|Any CPU = Release|Any CPU
	EndGlobalSection
	GlobalSection(ProjectConfigurationPlatforms) = postSolution
		{8FDCDE77-71F0-4C87-850F-5C13B29C9BFD}.Debug|Any CPU.ActiveCfg = Debug|Any CPU
		{8FDCDE77-71F0-4C87-850F-5C13B29C9BFD}.Debug|Any CPU.Build.0 = Debug|Any CPU
		{8FDCDE77-71F0-4C87-850F-5C13B29C9BFD}.Release|Any CPU.ActiveCfg = Release|Any CPU
		{8FDCDE77-71F0-4C87-850F-5C13B29C9BFD}.Release|Any CPU.Build.0 = Release|Any CPU
	EndGlobalSection
	GlobalSection(SolutionProperties) = preSolution
		HideSolutionNode = FALSE
	EndGlobalSection
	GlobalSection(ExtensibilityGlobals) = postSolution
		SolutionGuid = {27F14D38-2FCB-490D-A585-97B6912C9DD3}
	EndGlobalSection
EndGlobal
